{
  "name": "mtg-deck-generator",
  "version": "2.0.0",
  "lockfileVersion": 3,
  "requires": true,
  "packages": {
    "": {
      "name": "mtg-deck-generator",
      "version": "2.0.0",
      "dependencies": {
        "@vitejs/plugin-react": "file:vendor/@vitejs/plugin-react",
        "lucide-react": "file:vendor/lucide-react",
        "react": "file:vendor/react",
        "react-dom": "file:vendor/react-dom",
        "vite": "file:vendor/vite"
      },
      "devDependencies": {
        "vitest": "file:vendor/vitest"
      }
    },
    "node_modules/@vitejs/plugin-react": {
      "resolved": "vendor/@vitejs/plugin-react",
      "link": true
    },
    "node_modules/lucide-react": {
      "resolved": "vendor/lucide-react",
      "link": true
    },
    "node_modules/react": {
      "resolved": "vendor/react",
      "link": true
    },
    "node_modules/react-dom": {
      "resolved": "vendor/react-dom",
      "link": true
    },
    "node_modules/vite": {
      "resolved": "vendor/vite",
      "link": true
    },
    "node_modules/vitest": {
      "resolved": "vendor/vitest",
      "link": true
    },
    "vendor/@vitejs/plugin-react": {
      "version": "5.0.0-local"
    },
    "vendor/lucide-react": {
      "version": "0.0.0-local"
    },
    "vendor/react": {
      "version": "19.0.0-local"
    },
    "vendor/react-dom": {
      "version": "19.0.0-local"
    },
    "vendor/vite": {
      "version": "6.0.0-local",
      "bin": {
        "vite": "bin/vite.js"
      }
    },
    "vendor/vitest": {
      "version": "3.0.0-local",
      "dev": true,
      "bin": {
        "vitest": "bin/vitest.js"
      }
    }
  }
}
